
Microsoft Visual Studio Solution File, Format Version 12.00
# Visual Studio Version 16
VisualStudioVersion = 16.0.31702.278
MinimumVisualStudioVersion = 10.0.40219.1
Project("{FAE04EC0-301F-11D3-BF4B-00C04F79EFBC}") = "Todo.API", "Todo.API\Todo.API.csproj", "{C942B330-42D5-48BC-A53F-0392A9CCCE1F}"
EndProject
Global
	GlobalSection(SolutionConfigurationPlatforms) = preSolution
		Debug|Any CPU = Debug|Any CPU
		Release|Any CPU = Release|Any CPU
	EndGlobalSection
	GlobalSection(ProjectConfigurationPlatforms) = postSolution
		{C942B330-42D5-48BC-A53F-0392A9CCCE1F}.Debug|Any CPU.ActiveCfg = Debug|Any CPU
		{C942B330-42D5-48BC-A53F-0392A9CCCE1F}.Debug|Any CPU.Build.0 = Debug|Any CPU
		{C942B330-42D5-48BC-A53F-0392A9CCCE1F}.Release|Any CPU.ActiveCfg = Release|Any CPU
		{C942B330-42D5-48BC-A53F-0392A9CCCE1F}.Release|Any CPU.Build.0 = Release|Any CPU
	EndGlobalSection
	GlobalSection(SolutionProperties) = preSolution
		HideSolutionNode = FALSE
	EndGlobalSection
	GlobalSection(ExtensibilityGlobals) = postSolution
		SolutionGuid = {62A1D688-9C08-4C5E-9867-F70AA9E26757}
	EndGlobalSection
EndGlobal
